
Microsoft Visual Studio Solution File, Format Version 12.00
# Visual Studio Version 16
VisualStudioVersion = 16.0.29424.173
MinimumVisualStudioVersion = 10.0.40219.1
Project("{FAE04EC0-301F-11D3-BF4B-00C04F79EFBC}") = "LearningFinally", "LearningFinally\LearningFinally.csproj", "{19541EB5-9D93-4C08-8823-B6CD2611B438}"
EndProject
Global
	GlobalSection(SolutionConfigurationPlatforms) = preSolution
		Debug|Any CPU = Debug|Any CPU
		Release|Any CPU = Release|Any CPU
	EndGlobalSection
	GlobalSection(ProjectConfigurationPlatforms) = postSolution
		{19541EB5-9D93-4C08-8823-B6CD2611B438}.Debug|Any CPU.ActiveCfg = Debug|Any CPU
		{19541EB5-9D93-4C08-8823-B6CD2611B438}.Debug|Any CPU.Build.0 = Debug|Any CPU
		{19541EB5-9D93-4C08-8823-B6CD2611B438}.Release|Any CPU.ActiveCfg = Release|Any CPU
		{19541EB5-9D93-4C08-8823-B6CD2611B438}.Release|Any CPU.Build.0 = Release|Any CPU
	EndGlobalSection
	GlobalSection(SolutionProperties) = preSolution
		HideSolutionNode = FALSE
	EndGlobalSection
	GlobalSection(ExtensibilityGlobals) = postSolution
		SolutionGuid = {B43C9798-FB72-4E14-B9F0-66253BBB1A71}
	EndGlobalSection
EndGlobal
